
Microsoft Visual Studio Solution File, Format Version 12.00
# Visual Studio Version 17
VisualStudioVersion = 17.10.34928.147
MinimumVisualStudioVersion = 10.0.40219.1
Project("{FAE04EC0-301F-11D3-BF4B-00C04F79EFBC}") = "sushi_darom", "sushi_darom.csproj", "{64F014EE-0664-4136-B904-7376E5723FDA}"
EndProject
Global
	GlobalSection(SolutionConfigurationPlatforms) = preSolution
		Debug|Any CPU = Debug|Any CPU
		Release|Any CPU = Release|Any CPU
	EndGlobalSection
	GlobalSection(ProjectConfigurationPlatforms) = postSolution
		{64F014EE-0664-4136-B904-7376E5723FDA}.Debug|Any CPU.ActiveCfg = Debug|Any CPU
		{64F014EE-0664-4136-B904-7376E5723FDA}.Debug|Any CPU.Build.0 = Debug|Any CPU
		{64F014EE-0664-4136-B904-7376E5723FDA}.Release|Any CPU.ActiveCfg = Release|Any CPU
		{64F014EE-0664-4136-B904-7376E5723FDA}.Release|Any CPU.Build.0 = Release|Any CPU
	EndGlobalSection
	GlobalSection(SolutionProperties) = preSolution
		HideSolutionNode = FALSE
	EndGlobalSection
	GlobalSection(ExtensibilityGlobals) = postSolution
		SolutionGuid = {DABEB11D-F49B-4603-8B6A-C3DDD286630C}
	EndGlobalSection
EndGlobal
